
Microsoft Visual Studio Solution File, Format Version 12.00
# Visual Studio Version 17
VisualStudioVersion = 17.4.33213.308
MinimumVisualStudioVersion = 10.0.40219.1
Project("{FAE04EC0-301F-11D3-BF4B-00C04F79EFBC}") = "Tesis2", "Tesis2\Tesis2.csproj", "{3A46CE8E-E9E5-45C3-93C7-52C335C44307}"
EndProject
Global
	GlobalSection(SolutionConfigurationPlatforms) = preSolution
		Debug|Any CPU = Debug|Any CPU
		Release|Any CPU = Release|Any CPU
	EndGlobalSection
	GlobalSection(ProjectConfigurationPlatforms) = postSolution
		{3A46CE8E-E9E5-45C3-93C7-52C335C44307}.Debug|Any CPU.ActiveCfg = Debug|Any CPU
		{3A46CE8E-E9E5-45C3-93C7-52C335C44307}.Debug|Any CPU.Build.0 = Debug|Any CPU
		{3A46CE8E-E9E5-45C3-93C7-52C335C44307}.Release|Any CPU.ActiveCfg = Release|Any CPU
		{3A46CE8E-E9E5-45C3-93C7-52C335C44307}.Release|Any CPU.Build.0 = Release|Any CPU
	EndGlobalSection
	GlobalSection(SolutionProperties) = preSolution
		HideSolutionNode = FALSE
	EndGlobalSection
	GlobalSection(ExtensibilityGlobals) = postSolution
		SolutionGuid = {80A62648-5045-4917-B596-489560208FEE}
	EndGlobalSection
EndGlobal
